
Microsoft Visual Studio Solution File, Format Version 12.00
# Visual Studio Version 17
VisualStudioVersion = 17.9.34902.65
MinimumVisualStudioVersion = 10.0.40219.1
Project("{FAE04EC0-301F-11D3-BF4B-00C04F79EFBC}") = "CountryAPI", "CountryAPI.csproj", "{F9C8AB7C-15CB-4D99-95F7-A91F20787CFD}"
EndProject
Global
	GlobalSection(SolutionConfigurationPlatforms) = preSolution
		Debug|Any CPU = Debug|Any CPU
		Release|Any CPU = Release|Any CPU
	EndGlobalSection
	GlobalSection(ProjectConfigurationPlatforms) = postSolution
		{F9C8AB7C-15CB-4D99-95F7-A91F20787CFD}.Debug|Any CPU.ActiveCfg = Debug|Any CPU
		{F9C8AB7C-15CB-4D99-95F7-A91F20787CFD}.Debug|Any CPU.Build.0 = Debug|Any CPU
		{F9C8AB7C-15CB-4D99-95F7-A91F20787CFD}.Release|Any CPU.ActiveCfg = Release|Any CPU
		{F9C8AB7C-15CB-4D99-95F7-A91F20787CFD}.Release|Any CPU.Build.0 = Release|Any CPU
	EndGlobalSection
	GlobalSection(SolutionProperties) = preSolution
		HideSolutionNode = FALSE
	EndGlobalSection
	GlobalSection(ExtensibilityGlobals) = postSolution
		SolutionGuid = {43B98879-79F6-493D-B8FA-5716F8279798}
	EndGlobalSection
EndGlobal
